
Microsoft Visual Studio Solution File, Format Version 12.00
# Visual Studio Version 16
VisualStudioVersion = 16.0.31702.278
MinimumVisualStudioVersion = 10.0.40219.1
Project("{9A19103F-16F7-4668-BE54-9A1E7A4F7556}") = "bntu.vsrpp.vmilyuk.Core", "bntu.vsrpp.vmilyuk.Core\bntu.vsrpp.vmilyuk.Core.csproj", "{CA6B4FC0-AD3D-45E6-8D8A-94DFCBC67743}"
EndProject
Project("{FAE04EC0-301F-11D3-BF4B-00C04F79EFBC}") = "bntu.vsrpp.vmilyuk.lab1", "bntu.vsrpp.vmilyuk.lab1\bntu.vsrpp.vmilyuk.lab1.csproj", "{6DD71724-A007-414A-A144-FB4210BD87BA}"
EndProject
Global
	GlobalSection(SolutionConfigurationPlatforms) = preSolution
		Debug|Any CPU = Debug|Any CPU
		Release|Any CPU = Release|Any CPU
	EndGlobalSection
	GlobalSection(ProjectConfigurationPlatforms) = postSolution
		{CA6B4FC0-AD3D-45E6-8D8A-94DFCBC67743}.Debug|Any CPU.ActiveCfg = Debug|Any CPU
		{CA6B4FC0-AD3D-45E6-8D8A-94DFCBC67743}.Debug|Any CPU.Build.0 = Debug|Any CPU
		{CA6B4FC0-AD3D-45E6-8D8A-94DFCBC67743}.Release|Any CPU.ActiveCfg = Release|Any CPU
		{CA6B4FC0-AD3D-45E6-8D8A-94DFCBC67743}.Release|Any CPU.Build.0 = Release|Any CPU
		{6DD71724-A007-414A-A144-FB4210BD87BA}.Debug|Any CPU.ActiveCfg = Debug|Any CPU
		{6DD71724-A007-414A-A144-FB4210BD87BA}.Debug|Any CPU.Build.0 = Debug|Any CPU
		{6DD71724-A007-414A-A144-FB4210BD87BA}.Release|Any CPU.ActiveCfg = Release|Any CPU
		{6DD71724-A007-414A-A144-FB4210BD87BA}.Release|Any CPU.Build.0 = Release|Any CPU
	EndGlobalSection
	GlobalSection(SolutionProperties) = preSolution
		HideSolutionNode = FALSE
	EndGlobalSection
	GlobalSection(ExtensibilityGlobals) = postSolution
		SolutionGuid = {4D100711-3D19-405D-A153-9F56DF23ED21}
	EndGlobalSection
EndGlobal
